// !$*UTF8*$!
{
	archiveVersion = 1;
	classes = {
	};
	objectVersion = 50;
	objects = {

/* Begin PBXBuildFile section */
		A02E21F421929D1800BC9FAC /* AppDelegate.m in Sources */ = {isa = PBXBuildFile; fileRef = A02E21F321929D1800BC9FAC /* AppDelegate.m */; };
		A02E21F721929D1800BC9FAC /* ViewController.m in Sources */ = {isa = PBXBuildFile; fileRef = A02E21F621929D1800BC9FAC /* ViewController.m */; };
		A02E21FA21929D1800BC9FAC /* Main.storyboard in Resources */ = {isa = PBXBuildFile; fileRef = A02E21F821929D1800BC9FAC /* Main.storyboard */; };
		A02E21FC21929D1800BC9FAC /* Assets.xcassets in Resources */ = {isa = PBXBuildFile; fileRef = A02E21FB21929D1800BC9FAC /* Assets.xcassets */; };
		A02E21FF21929D1800BC9FAC /* LaunchScreen.storyboard in Resources */ = {isa = PBXBuildFile; fileRef = A02E21FD21929D1800BC9FAC /* LaunchScreen.storyboard */; };
		A02E220221929D1800BC9FAC /* main.m in Sources */ = {isa = PBXBuildFile; fileRef = A02E220121929D1800BC9FAC /* main.m */; };
		A02E220A2192B33800BC9FAC /* WJNavPopupView.m in Sources */ = {isa = PBXBuildFile; fileRef = A02E22092192B33800BC9FAC /* WJNavPopupView.m */; };
/* End PBXBuildFile section */

/* Begin PBXFileReference section */
		A02E21EF21929D1800BC9FAC /* KTTKNavPopupView.app */ = {isa = PBXFileReference; explicitFileType = wrapper.application; includeInIndex = 0; path = KTTKNavPopupView.app; sourceTree = BUILT_PRODUCTS_DIR; };
		A02E21F221929D1800BC9FAC /* AppDelegate.h */ = {isa = PBXFileReference; lastKnownFileType = sourcecode.c.h; path = AppDelegate.h; sourceTree = "<group>"; };
		A02E21F321929D1800BC9FAC /* AppDelegate.m */ = {isa = PBXFileReference; lastKnownFileType = sourcecode.c.objc; path = AppDelegate.m; sourceTree = "<group>"; };
		A02E21F521929D1800BC9FAC /* ViewController.h */ = {isa = PBXFileReference; lastKnownFileType = sourcecode.c.h; path = ViewController.h; sourceTree = "<group>"; };
		A02E21F621929D1800BC9FAC /* ViewController.m */ = {isa = PBXFileReference; lastKnownFileType = sourcecode.c.objc; path = ViewController.m; sourceTree = "<group>"; };
		A02E21F921929D1800BC9FAC /* Base */ = {isa = PBXFileReference; lastKnownFileType = file.storyboard; name = Base; path = Base.lproj/Main.storyboard; sourceTree = "<group>"; };
		A02E21FB21929D1800BC9FAC /* Assets.xcassets */ = {isa = PBXFileReference; lastKnownFileType = folder.assetcatalog; path = Assets.xcassets; sourceTree = "<group>"; };
		A02E21FE21929D1800BC9FAC /* Base */ = {isa = PBXFileReference; lastKnownFileType = file.storyboard; name = Base; path = Base.lproj/LaunchScreen.storyboard; sourceTree = "<group>"; };
		A02E220021929D1800BC9FAC /* Info.plist */ = {isa = PBXFileReference; lastKnownFileType = text.plist.xml; path = Info.plist; sourceTree = "<group>"; };
		A02E220121929D1800BC9FAC /* main.m */ = {isa = PBXFileReference; lastKnownFileType = sourcecode.c.objc; path = main.m; sourceTree = "<group>"; };
		A02E22082192B33800BC9FAC /* WJNavPopupView.h */ = {isa = PBXFileReference; lastKnownFileType = sourcecode.c.h; path = WJNavPopupView.h; sourceTree = "<group>"; };
		A02E22092192B33800BC9FAC /* WJNavPopupView.m */ = {isa = PBXFileReference; lastKnownFileType = sourcecode.c.objc; path = WJNavPopupView.m; sourceTree = "<group>"; };
/* End PBXFileReference section */

/* Begin PBXFrameworksBuildPhase section */
		A02E21EC21929D1800BC9FAC /* Frameworks */ = {
			isa = PBXFrameworksBuildPhase;
			buildActionMask = 2147483647;
			files = (
			);
			runOnlyForDeploymentPostprocessing = 0;
		};
/* End PBXFrameworksBuildPhase section */

/* Begin PBXGroup section */
		A02E21E621929D1800BC9FAC = {
			isa = PBXGroup;
			children = (
				A02E21F121929D1800BC9FAC /* KTTKNavPopupView */,
				A02E21F021929D1800BC9FAC /* Products */,
			);
			sourceTree = "<group>";
		};
		A02E21F021929D1800BC9FAC /* Products */ = {
			isa = PBXGroup;
			children = (
				A02E21EF21929D1800BC9FAC /* KTTKNavPopupView.app */,
			);
			name = Products;
			sourceTree = "<group>";
		};
		A02E21F121929D1800BC9FAC /* KTTKNavPopupView */ = {
			isa = PBXGroup;
			children = (
				A02E22082192B33800BC9FAC /* WJNavPopupView.h */,
				A02E22092192B33800BC9FAC /* WJNavPopupView.m */,
				A02E21F221929D1800BC9FAC /* AppDelegate.h */,
				A02E21F321929D1800BC9FAC /* AppDelegate.m */,
				A02E21F521929D1800BC9FAC /* ViewController.h */,
				A02E21F621929D1800BC9FAC /* ViewController.m */,
				A02E21F821929D1800BC9FAC /* Main.storyboard */,
				A02E21FB21929D1800BC9FAC /* Assets.xcassets */,
				A02E21FD21929D1800BC9FAC /* LaunchScreen.storyboard */,
				A02E220021929D1800BC9FAC /* Info.plist */,
				A02E220121929D1800BC9FAC /* main.m */,
			);
			path = KTTKNavPopupView;
			sourceTree = "<group>";
		};
/* End PBXGroup section */

/* Begin PBXNativeTarget section */
		A02E21EE21929D1800BC9FAC /* KTTKNavPopupView */ = {
			isa = PBXNativeTarget;
			buildConfigurationList = A02E220521929D1800BC9FAC /* Build configuration list for PBXNativeTarget "KTTKNavPopupView" */;
			buildPhases = (
				A02E21EB21929D1800BC9FAC /* Sources */,
				A02E21EC21929D1800BC9FAC /* Frameworks */,
				A02E21ED21929D1800BC9FAC /* Resources */,
			);
			buildRules = (
			);
			dependencies = (
			);
			name = KTTKNavPopupView;
			productName = KTTKNavPopupView;
			productReference = A02E21EF21929D1800BC9FAC /* KTTKNavPopupView.app */;
			productType = "com.apple.product-type.application";
		};
/* End PBXNativeTarget section */

/* Begin PBXProject section */
		A02E21E721929D1800BC9FAC /* Project object */ = {
			isa = PBXProject;
			attributes = {
				LastUpgradeCheck = 1010;
				ORGANIZATIONNAME = wangjie;
				TargetAttributes = {
					A02E21EE21929D1800BC9FAC = {
						CreatedOnToolsVersion = 10.1;
					};
				};
			};
			buildConfigurationList = A02E21EA21929D1800BC9FAC /* Build configuration list for PBXProject "KTTKNavPopupView" */;
			compatibilityVersion = "Xcode 9.3";
			developmentRegion = en;
			hasScannedForEncodings = 0;
			knownRegions = (
				en,
				Base,
			);
			mainGroup = A02E21E621929D1800BC9FAC;
			productRefGroup = A02E21F021929D1800BC9FAC /* Products */;
			projectDirPath = "";
			projectRoot = "";
			targets = (
				A02E21EE21929D1800BC9FAC /* KTTKNavPopupView */,
			);
		};
/* End PBXProject section */

/* Begin PBXResourcesBuildPhase section */
		A02E21ED21929D1800BC9FAC /* Resources */ = {
			isa = PBXResourcesBuildPhase;
			buildActionMask = 2147483647;
			files = (
				A02E21FF21929D1800BC9FAC /* LaunchScreen.storyboard in Resources */,
				A02E21FC21929D1800BC9FAC /* Assets.xcassets in Resources */,
				A02E21FA21929D1800BC9FAC /* Main.storyboard in Resources */,
			);
			runOnlyForDeploymentPostprocessing = 0;
		};
/* End PBXResourcesBuildPhase section */

/* Begin PBXSourcesBuildPhase section */
		A02E21EB21929D1800BC9FAC /* Sources */ = {
			isa = PBXSourcesBuildPhase;
			buildActionMask = 2147483647;
			files = (
				A02E220A2192B33800BC9FAC /* WJNavPopupView.m in Sources */,
				A02E21F721929D1800BC9FAC /* ViewController.m in Sources */,
				A02E220221929D1800BC9FAC /* main.m in Sources */,
				A02E21F421929D1800BC9FAC /* AppDelegate.m in Sources */,
			);
			runOnlyForDeploymentPostprocessing = 0;
		};
/* End PBXSourcesBuildPhase section */

/* Begin PBXVariantGroup section */
		A02E21F821929D1800BC9FAC /* Main.storyboard */ = {
			isa = PBXVariantGroup;
			children = (
				A02E21F921929D1800BC9FAC /* Base */,
			);
			name = Main.storyboard;
			sourceTree = "<group>";
		};
		A02E21FD21929D1800BC9FAC /* LaunchScreen.storyboard */ = {
			isa = PBXVariantGroup;
			children = (
				A02E21FE21929D1800BC9FAC /* Base */,
			);
			name = LaunchScreen.storyboard;
			sourceTree = "<group>";
		};
/* End PBXVariantGroup section */

/* Begin XCBuildConfiguration section */
		A02E220321929D1800BC9FAC /* Debug */ = {
			isa = XCBuildConfiguration;
			buildSettings = {
				ALWAYS_SEARCH_USER_PATHS = NO;
				CLANG_ANALYZER_NONNULL = YES;
				CLANG_ANALYZER_NUMBER_OBJECT_CONVERSION = YES_AGGRESSIVE;
				CLANG_CXX_LANGUAGE_STANDARD = "gnu++14";
				CLANG_CXX_LIBRARY = "libc++";
				CLANG_ENABLE_MODULES = YES;
				CLANG_ENABLE_OBJC_ARC = YES;
				CLANG_ENABLE_OBJC_WEAK = YES;
				CLANG_WARN_BLOCK_CAPTURE_AUTORELEASING = YES;
				CLANG_WARN_BOOL_CONVERSION = YES;
				CLANG_WARN_COMMA = YES;
				CLANG_WARN_CONSTANT_CONVERSION = YES;
				CLANG_WARN_DEPRECATED_OBJC_IMPLEMENTATIONS = YES;
				CLANG_WARN_DIRECT_OBJC_ISA_USAGE = YES_ERROR;
				CLANG_WARN_DOCUMENTATION_COMMENTS = YES;
				CLANG_WARN_EMPTY_BODY = YES;
				CLANG_WARN_ENUM_CONVERSION = YES;
				CLANG_WARN_INFINITE_RECURSION = YES;
				CLANG_WARN_INT_CONVERSION = YES;
				CLANG_WARN_NON_LITERAL_NULL_CONVERSION = YES;
				CLANG_WARN_OBJC_IMPLICIT_RETAIN_SELF = YES;
				CLANG_WARN_OBJC_LITERAL_CONVERSION = YES;
				CLANG_WARN_OBJC_ROOT_CLASS = YES_ERROR;
				CLANG_WARN_RANGE_LOOP_ANALYSIS = YES;
				CLANG_WARN_STRICT_PROTOTYPES = YES;
				CLANG_WARN_SUSPICIOUS_MOVE = YES;
				CLANG_WARN_UNGUARDED_AVAILABILITY = YES_AGGRESSIVE;
				CLANG_WARN_UNREACHABLE_CODE = YES;
				CLANG_WARN__DUPLICATE_METHOD_MATCH = YES;
				CODE_SIGN_IDENTITY = "iPhone Developer";
				COPY_PHASE_STRIP = NO;
				DEBUG_INFORMATION_FORMAT = dwarf;
				ENABLE_STRICT_OBJC_MSGSEND = YES;
				ENABLE_TESTABILITY = YES;
				GCC_C_LANGUAGE_STANDARD = gnu11;
				GCC_DYNAMIC_NO_PIC = NO;
				GCC_NO_COMMON_BLOCKS = YES;
				GCC_OPTIMIZATION_LEVEL = 0;
				GCC_PREPROCESSOR_DEFINITIONS = (
					"DEBUG=1",
					"$(inherited)",
				);
				GCC_WARN_64_TO_32_BIT_CONVERSION = YES;
				GCC_WARN_ABOUT_RETURN_TYPE = YES_ERROR;
				GCC_WARN_UNDECLARED_SELECTOR = YES;
				GCC_WARN_UNINITIALIZED_AUTOS = YES_AGGRESSIVE;
				GCC_WARN_UNUSED_FUNCTION = YES;
				GCC_WARN_UNUSED_VARIABLE = YES;
				IPHONEOS_DEPLOYMENT_TARGET = 12.1;
				MTL_ENABLE_DEBUG_INFO = INCLUDE_SOURCE;
				MTL_FAST_MATH = YES;
				ONLY_ACTIVE_ARCH = YES;
				SDKROOT = iphoneos;
			};
			name = Debug;
		};
		A02E220421929D1800BC9FAC /* Release */ = {
			isa = XCBuildConfiguration;
			buildSettings = {
				ALWAYS_SEARCH_USER_PATHS = NO;
				CLANG_ANALYZER_NONNULL = YES;
				CLANG_ANALYZER_NUMBER_OBJECT_CONVERSION = YES_AGGRESSIVE;
				CLANG_CXX_LANGUAGE_STANDARD = "gnu++14";
				CLANG_CXX_LIBRARY = "libc++";
				CLANG_ENABLE_MODULES = YES;
				CLANG_ENABLE_OBJC_ARC = YES;
				CLANG_ENABLE_OBJC_WEAK = YES;
				CLANG_WARN_BLOCK_CAPTURE_AUTORELEASING = YES;
				CLANG_WARN_BOOL_CONVERSION = YES;
				CLANG_WARN_COMMA = YES;
				CLANG_WARN_CONSTANT_CONVERSION = YES;
				CLANG_WARN_DEPRECATED_OBJC_IMPLEMENTATIONS = YES;
				CLANG_WARN_DIRECT_OBJC_ISA_USAGE = YES_ERROR;
				CLANG_WARN_DOCUMENTATION_COMMENTS = YES;
				CLANG_WARN_EMPTY_BODY = YES;
				CLANG_WARN_ENUM_CONVERSION = YES;
				CLANG_WARN_INFINITE_RECURSION = YES;
				CLANG_WARN_INT_CONVERSION = YES;
				CLANG_WARN_NON_LITERAL_NULL_CONVERSION = YES;
				CLANG_WARN_OBJC_IMPLICIT_RETAIN_SELF = YES;
				CLANG_WARN_OBJC_LITERAL_CONVERSION = YES;
				CLANG_WARN_OBJC_ROOT_CLASS = YES_ERROR;
				CLANG_WARN_RANGE_LOOP_ANALYSIS = YES;
				CLANG_WARN_STRICT_PROTOTYPES = YES;
				CLANG_WARN_SUSPICIOUS_MOVE = YES;
				CLANG_WARN_UNGUARDED_AVAILABILITY = YES_AGGRESSIVE;
				CLANG_WARN_UNREACHABLE_CODE = YES;
				CLANG_WARN__DUPLICATE_METHOD_MATCH = YES;
				CODE_SIGN_IDENTITY = "iPhone Developer";
				COPY_PHASE_STRIP = NO;
				DEBUG_INFORMATION_FORMAT = "dwarf-with-dsym";
				ENABLE_NS_ASSERTIONS = NO;
				ENABLE_STRICT_OBJC_MSGSEND = YES;
				GCC_C_LANGUAGE_STANDARD = gnu11;
				GCC_NO_COMMON_BLOCKS = YES;
				GCC_WARN_64_TO_32_BIT_CONVERSION = YES;
				GCC_WARN_ABOUT_RETURN_TYPE = YES_ERROR;
				GCC_WARN_UNDECLARED_SELECTOR = YES;
				GCC_WARN_UNINITIALIZED_AUTOS = YES_AGGRESSIVE;
				GCC_WARN_UNUSED_FUNCTION = YES;
				GCC_WARN_UNUSED_VARIABLE = YES;
				IPHONEOS_DEPLOYMENT_TARGET = 12.1;
				MTL_ENABLE_DEBUG_INFO = NO;
				MTL_FAST_MATH = YES;
				SDKROOT = iphoneos;
				VALIDATE_PRODUCT = YES;
			};
			name = Release;
		};
		A02E220621929D1800BC9FAC /* Debug */ = {
			isa = XCBuildConfiguration;
			buildSettings = {
				ASSETCATALOG_COMPILER_APPICON_NAME = AppIcon;
				CODE_SIGN_STYLE = Automatic;
				DEVELOPMENT_TEAM = YEAF8YMCJ6;
				INFOPLIST_FILE = KTTKNavPopupView/Info.plist;
				IPHONEOS_DEPLOYMENT_TARGET = 11.4;
				LD_RUNPATH_SEARCH_PATHS = (
					"$(inherited)",
					"@executable_path/Frameworks",
				);
				PRODUCT_BUNDLE_IDENTIFIER = com.wangjie.www.KTTKNavPopupView;
				PRODUCT_NAME = "$(TARGET_NAME)";
				TARGETED_DEVICE_FAMILY = "1,2";
			};
			name = Debug;
		};
		A02E220721929D1800BC9FAC /* Release */ = {
			isa = XCBuildConfiguration;
			buildSettings = {
				ASSETCATALOG_COMPILER_APPICON_NAME = AppIcon;
				CODE_SIGN_STYLE = Automatic;
				DEVELOPMENT_TEAM = YEAF8YMCJ6;
				INFOPLIST_FILE = KTTKNavPopupView/Info.plist;
				IPHONEOS_DEPLOYMENT_TARGET = 11.4;
				LD_RUNPATH_SEARCH_PATHS = (
					"$(inherited)",
					"@executable_path/Frameworks",
				);
				PRODUCT_BUNDLE_IDENTIFIER = com.wangjie.www.KTTKNavPopupView;
				PRODUCT_NAME = "$(TARGET_NAME)";
				TARGETED_DEVICE_FAMILY = "1,2";
			};
			name = Release;
		};
/* End XCBuildConfiguration section */

/* Begin XCConfigurationList section */
		A02E21EA21929D1800BC9FAC /* Build configuration list for PBXProject "KTTKNavPopupView" */ = {
			isa = XCConfigurationList;
			buildConfigurations = (
				A02E220321929D1800BC9FAC /* Debug */,
				A02E220421929D1800BC9FAC /* Release */,
			);
			defaultConfigurationIsVisible = 0;
			defaultConfigurationName = Release;
		};
		A02E220521929D1800BC9FAC /* Build configuration list for PBXNativeTarget "KTTKNavPopupView" */ = {
			isa = XCConfigurationList;
			buildConfigurations = (
				A02E220621929D1800BC9FAC /* Debug */,
				A02E220721929D1800BC9FAC /* Release */,
			);
			defaultConfigurationIsVisible = 0;
			defaultConfigurationName = Release;
		};
/* End XCConfigurationList section */
	};
	rootObject = A02E21E721929D1800BC9FAC /* Project object */;
}
